
Microsoft Visual Studio Solution File, Format Version 12.00
# Visual Studio 2013
VisualStudioVersion = 12.0.30324.0
MinimumVisualStudioVersion = 10.0.40219.1
Project("{FAE04EC0-301F-11D3-BF4B-00C04F79EFBC}") = "WinRTApp", "WinRTApp\WinRTApp.csproj", "{A7EC1B8E-EF20-443D-8287-520D8BDD6BDD}"
EndProject
Project("{FAE04EC0-301F-11D3-BF4B-00C04F79EFBC}") = "WinPhoneApp", "WinPhoneApp\WinPhoneApp.csproj", "{12BFC7CE-1F0C-4249-8AEC-19523052CFEC}"
EndProject
Project("{2150E333-8FDC-42A3-9474-1A3956D46DE8}") = "None", "None", "{F0E33F3D-0E88-4ED8-8DC1-8B11C4AB7B67}"
EndProject
Project("{2150E333-8FDC-42A3-9474-1A3956D46DE8}") = "PCL", "PCL", "{2F98C91E-84F1-45D1-80C5-B028A960C4C2}"
EndProject
Project("{2150E333-8FDC-42A3-9474-1A3956D46DE8}") = "Template", "Template", "{6190B441-5E1B-4C4C-AC11-0FF788A52CEC}"
EndProject
Project("{FAE04EC0-301F-11D3-BF4B-00C04F79EFBC}") = "WinPhoneAppT", "WinPhoneAppT\WinPhoneAppT.csproj", "{5C96ACF6-77A7-446C-A6DE-618E5FF519DE}"
EndProject
Project("{FAE04EC0-301F-11D3-BF4B-00C04F79EFBC}") = "WinRTAppT", "WinRTAppT\WinRTAppT.csproj", "{84B61024-E593-4E73-B89C-7F5C8E985121}"
EndProject
Project("{FAE04EC0-301F-11D3-BF4B-00C04F79EFBC}") = "PCL_T", "PCL_T\PCL_T.csproj", "{D25366F2-80EA-498F-983C-4AA1130947AF}"
EndProject
Project("{2150E333-8FDC-42A3-9474-1A3956D46DE8}") = "Strategy", "Strategy", "{A17D0657-8530-4A07-8124-62290913B3BB}"
EndProject
Project("{FAE04EC0-301F-11D3-BF4B-00C04F79EFBC}") = "PCL_S", "PCL_S\PCL_S.csproj", "{C0B2C5BC-8FF2-45B6-8C4D-7C93CCF3A3A1}"
EndProject
Project("{FAE04EC0-301F-11D3-BF4B-00C04F79EFBC}") = "WinRTS", "WinRTS\WinRTS.csproj", "{04E3F863-FFBD-41B1-9718-5EB81A413932}"
EndProject
Project("{FAE04EC0-301F-11D3-BF4B-00C04F79EFBC}") = "WinPhoneS", "WinPhoneS\WinPhoneS.csproj", "{4A0A9AEA-2A1E-432B-8788-7856CDB1BF5D}"
EndProject
Global
	GlobalSection(SolutionConfigurationPlatforms) = preSolution
		Debug|Any CPU = Debug|Any CPU
		Debug|ARM = Debug|ARM
		Debug|x64 = Debug|x64
		Debug|x86 = Debug|x86
		Release|Any CPU = Release|Any CPU
		Release|ARM = Release|ARM
		Release|x64 = Release|x64
		Release|x86 = Release|x86
	EndGlobalSection
	GlobalSection(ProjectConfigurationPlatforms) = postSolution
		{A7EC1B8E-EF20-443D-8287-520D8BDD6BDD}.Debug|Any CPU.ActiveCfg = Debug|Any CPU
		{A7EC1B8E-EF20-443D-8287-520D8BDD6BDD}.Debug|Any CPU.Build.0 = Debug|Any CPU
		{A7EC1B8E-EF20-443D-8287-520D8BDD6BDD}.Debug|Any CPU.Deploy.0 = Debug|Any CPU
		{A7EC1B8E-EF20-443D-8287-520D8BDD6BDD}.Debug|ARM.ActiveCfg = Debug|ARM
		{A7EC1B8E-EF20-443D-8287-520D8BDD6BDD}.Debug|ARM.Build.0 = Debug|ARM
		{A7EC1B8E-EF20-443D-8287-520D8BDD6BDD}.Debug|ARM.Deploy.0 = Debug|ARM
		{A7EC1B8E-EF20-443D-8287-520D8BDD6BDD}.Debug|x64.ActiveCfg = Debug|x64
		{A7EC1B8E-EF20-443D-8287-520D8BDD6BDD}.Debug|x64.Build.0 = Debug|x64
		{A7EC1B8E-EF20-443D-8287-520D8BDD6BDD}.Debug|x64.Deploy.0 = Debug|x64
		{A7EC1B8E-EF20-443D-8287-520D8BDD6BDD}.Debug|x86.ActiveCfg = Debug|x86
		{A7EC1B8E-EF20-443D-8287-520D8BDD6BDD}.Debug|x86.Build.0 = Debug|x86
		{A7EC1B8E-EF20-443D-8287-520D8BDD6BDD}.Debug|x86.Deploy.0 = Debug|x86
		{A7EC1B8E-EF20-443D-8287-520D8BDD6BDD}.Release|Any CPU.ActiveCfg = Release|Any CPU
		{A7EC1B8E-EF20-443D-8287-520D8BDD6BDD}.Release|Any CPU.Build.0 = Release|Any CPU
		{A7EC1B8E-EF20-443D-8287-520D8BDD6BDD}.Release|Any CPU.Deploy.0 = Release|Any CPU
		{A7EC1B8E-EF20-443D-8287-520D8BDD6BDD}.Release|ARM.ActiveCfg = Release|ARM
		{A7EC1B8E-EF20-443D-8287-520D8BDD6BDD}.Release|ARM.Build.0 = Release|ARM
		{A7EC1B8E-EF20-443D-8287-520D8BDD6BDD}.Release|ARM.Deploy.0 = Release|ARM
		{A7EC1B8E-EF20-443D-8287-520D8BDD6BDD}.Release|x64.ActiveCfg = Release|x64
		{A7EC1B8E-EF20-443D-8287-520D8BDD6BDD}.Release|x64.Build.0 = Release|x64
		{A7EC1B8E-EF20-443D-8287-520D8BDD6BDD}.Release|x64.Deploy.0 = Release|x64
		{A7EC1B8E-EF20-443D-8287-520D8BDD6BDD}.Release|x86.ActiveCfg = Release|x86
		{A7EC1B8E-EF20-443D-8287-520D8BDD6BDD}.Release|x86.Build.0 = Release|x86
		{A7EC1B8E-EF20-443D-8287-520D8BDD6BDD}.Release|x86.Deploy.0 = Release|x86
		{12BFC7CE-1F0C-4249-8AEC-19523052CFEC}.Debug|Any CPU.ActiveCfg = Debug|Any CPU
		{12BFC7CE-1F0C-4249-8AEC-19523052CFEC}.Debug|Any CPU.Build.0 = Debug|Any CPU
		{12BFC7CE-1F0C-4249-8AEC-19523052CFEC}.Debug|Any CPU.Deploy.0 = Debug|Any CPU
		{12BFC7CE-1F0C-4249-8AEC-19523052CFEC}.Debug|ARM.ActiveCfg = Debug|ARM
		{12BFC7CE-1F0C-4249-8AEC-19523052CFEC}.Debug|ARM.Build.0 = Debug|ARM
		{12BFC7CE-1F0C-4249-8AEC-19523052CFEC}.Debug|ARM.Deploy.0 = Debug|ARM
		{12BFC7CE-1F0C-4249-8AEC-19523052CFEC}.Debug|x64.ActiveCfg = Debug|Any CPU
		{12BFC7CE-1F0C-4249-8AEC-19523052CFEC}.Debug|x86.ActiveCfg = Debug|x86
		{12BFC7CE-1F0C-4249-8AEC-19523052CFEC}.Debug|x86.Build.0 = Debug|x86
		{12BFC7CE-1F0C-4249-8AEC-19523052CFEC}.Debug|x86.Deploy.0 = Debug|x86
		{12BFC7CE-1F0C-4249-8AEC-19523052CFEC}.Release|Any CPU.ActiveCfg = Release|Any CPU
		{12BFC7CE-1F0C-4249-8AEC-19523052CFEC}.Release|Any CPU.Build.0 = Release|Any CPU
		{12BFC7CE-1F0C-4249-8AEC-19523052CFEC}.Release|Any CPU.Deploy.0 = Release|Any CPU
		{12BFC7CE-1F0C-4249-8AEC-19523052CFEC}.Release|ARM.ActiveCfg = Release|ARM
		{12BFC7CE-1F0C-4249-8AEC-19523052CFEC}.Release|ARM.Build.0 = Release|ARM
		{12BFC7CE-1F0C-4249-8AEC-19523052CFEC}.Release|ARM.Deploy.0 = Release|ARM
		{12BFC7CE-1F0C-4249-8AEC-19523052CFEC}.Release|x64.ActiveCfg = Release|Any CPU
		{12BFC7CE-1F0C-4249-8AEC-19523052CFEC}.Release|x86.ActiveCfg = Release|x86
		{12BFC7CE-1F0C-4249-8AEC-19523052CFEC}.Release|x86.Build.0 = Release|x86
		{12BFC7CE-1F0C-4249-8AEC-19523052CFEC}.Release|x86.Deploy.0 = Release|x86
		{5C96ACF6-77A7-446C-A6DE-618E5FF519DE}.Debug|Any CPU.ActiveCfg = Debug|Any CPU
		{5C96ACF6-77A7-446C-A6DE-618E5FF519DE}.Debug|Any CPU.Build.0 = Debug|Any CPU
		{5C96ACF6-77A7-446C-A6DE-618E5FF519DE}.Debug|Any CPU.Deploy.0 = Debug|Any CPU
		{5C96ACF6-77A7-446C-A6DE-618E5FF519DE}.Debug|ARM.ActiveCfg = Debug|ARM
		{5C96ACF6-77A7-446C-A6DE-618E5FF519DE}.Debug|ARM.Build.0 = Debug|ARM
		{5C96ACF6-77A7-446C-A6DE-618E5FF519DE}.Debug|ARM.Deploy.0 = Debug|ARM
		{5C96ACF6-77A7-446C-A6DE-618E5FF519DE}.Debug|x64.ActiveCfg = Debug|Any CPU
		{5C96ACF6-77A7-446C-A6DE-618E5FF519DE}.Debug|x86.ActiveCfg = Debug|x86
		{5C96ACF6-77A7-446C-A6DE-618E5FF519DE}.Debug|x86.Build.0 = Debug|x86
		{5C96ACF6-77A7-446C-A6DE-618E5FF519DE}.Debug|x86.Deploy.0 = Debug|x86
		{5C96ACF6-77A7-446C-A6DE-618E5FF519DE}.Release|Any CPU.ActiveCfg = Release|Any CPU
		{5C96ACF6-77A7-446C-A6DE-618E5FF519DE}.Release|Any CPU.Build.0 = Release|Any CPU
		{5C96ACF6-77A7-446C-A6DE-618E5FF519DE}.Release|Any CPU.Deploy.0 = Release|Any CPU
		{5C96ACF6-77A7-446C-A6DE-618E5FF519DE}.Release|ARM.ActiveCfg = Release|ARM
		{5C96ACF6-77A7-446C-A6DE-618E5FF519DE}.Release|ARM.Build.0 = Release|ARM
		{5C96ACF6-77A7-446C-A6DE-618E5FF519DE}.Release|ARM.Deploy.0 = Release|ARM
		{5C96ACF6-77A7-446C-A6DE-618E5FF519DE}.Release|x64.ActiveCfg = Release|Any CPU
		{5C96ACF6-77A7-446C-A6DE-618E5FF519DE}.Release|x86.ActiveCfg = Release|x86
		{5C96ACF6-77A7-446C-A6DE-618E5FF519DE}.Release|x86.Build.0 = Release|x86
		{5C96ACF6-77A7-446C-A6DE-618E5FF519DE}.Release|x86.Deploy.0 = Release|x86
		{84B61024-E593-4E73-B89C-7F5C8E985121}.Debug|Any CPU.ActiveCfg = Debug|Any CPU
		{84B61024-E593-4E73-B89C-7F5C8E985121}.Debug|Any CPU.Build.0 = Debug|Any CPU
		{84B61024-E593-4E73-B89C-7F5C8E985121}.Debug|Any CPU.Deploy.0 = Debug|Any CPU
		{84B61024-E593-4E73-B89C-7F5C8E985121}.Debug|ARM.ActiveCfg = Debug|ARM
		{84B61024-E593-4E73-B89C-7F5C8E985121}.Debug|ARM.Build.0 = Debug|ARM
		{84B61024-E593-4E73-B89C-7F5C8E985121}.Debug|ARM.Deploy.0 = Debug|ARM
		{84B61024-E593-4E73-B89C-7F5C8E985121}.Debug|x64.ActiveCfg = Debug|x64
		{84B61024-E593-4E73-B89C-7F5C8E985121}.Debug|x64.Build.0 = Debug|x64
		{84B61024-E593-4E73-B89C-7F5C8E985121}.Debug|x64.Deploy.0 = Debug|x64
		{84B61024-E593-4E73-B89C-7F5C8E985121}.Debug|x86.ActiveCfg = Debug|x86
		{84B61024-E593-4E73-B89C-7F5C8E985121}.Debug|x86.Build.0 = Debug|x86
		{84B61024-E593-4E73-B89C-7F5C8E985121}.Debug|x86.Deploy.0 = Debug|x86
		{84B61024-E593-4E73-B89C-7F5C8E985121}.Release|Any CPU.ActiveCfg = Release|Any CPU
		{84B61024-E593-4E73-B89C-7F5C8E985121}.Release|Any CPU.Build.0 = Release|Any CPU
		{84B61024-E593-4E73-B89C-7F5C8E985121}.Release|Any CPU.Deploy.0 = Release|Any CPU
		{84B61024-E593-4E73-B89C-7F5C8E985121}.Release|ARM.ActiveCfg = Release|ARM
		{84B61024-E593-4E73-B89C-7F5C8E985121}.Release|ARM.Build.0 = Release|ARM
		{84B61024-E593-4E73-B89C-7F5C8E985121}.Release|ARM.Deploy.0 = Release|ARM
		{84B61024-E593-4E73-B89C-7F5C8E985121}.Release|x64.ActiveCfg = Release|x64
		{84B61024-E593-4E73-B89C-7F5C8E985121}.Release|x64.Build.0 = Release|x64
		{84B61024-E593-4E73-B89C-7F5C8E985121}.Release|x64.Deploy.0 = Release|x64
		{84B61024-E593-4E73-B89C-7F5C8E985121}.Release|x86.ActiveCfg = Release|x86
		{84B61024-E593-4E73-B89C-7F5C8E985121}.Release|x86.Build.0 = Release|x86
		{84B61024-E593-4E73-B89C-7F5C8E985121}.Release|x86.Deploy.0 = Release|x86
		{D25366F2-80EA-498F-983C-4AA1130947AF}.Debug|Any CPU.ActiveCfg = Debug|Any CPU
		{D25366F2-80EA-498F-983C-4AA1130947AF}.Debug|Any CPU.Build.0 = Debug|Any CPU
		{D25366F2-80EA-498F-983C-4AA1130947AF}.Debug|ARM.ActiveCfg = Debug|Any CPU
		{D25366F2-80EA-498F-983C-4AA1130947AF}.Debug|x64.ActiveCfg = Debug|Any CPU
		{D25366F2-80EA-498F-983C-4AA1130947AF}.Debug|x86.ActiveCfg = Debug|Any CPU
		{D25366F2-80EA-498F-983C-4AA1130947AF}.Release|Any CPU.ActiveCfg = Release|Any CPU
		{D25366F2-80EA-498F-983C-4AA1130947AF}.Release|Any CPU.Build.0 = Release|Any CPU
		{D25366F2-80EA-498F-983C-4AA1130947AF}.Release|ARM.ActiveCfg = Release|Any CPU
		{D25366F2-80EA-498F-983C-4AA1130947AF}.Release|x64.ActiveCfg = Release|Any CPU
		{D25366F2-80EA-498F-983C-4AA1130947AF}.Release|x86.ActiveCfg = Release|Any CPU
		{C0B2C5BC-8FF2-45B6-8C4D-7C93CCF3A3A1}.Debug|Any CPU.ActiveCfg = Debug|Any CPU
		{C0B2C5BC-8FF2-45B6-8C4D-7C93CCF3A3A1}.Debug|Any CPU.Build.0 = Debug|Any CPU
		{C0B2C5BC-8FF2-45B6-8C4D-7C93CCF3A3A1}.Debug|ARM.ActiveCfg = Debug|Any CPU
		{C0B2C5BC-8FF2-45B6-8C4D-7C93CCF3A3A1}.Debug|x64.ActiveCfg = Debug|Any CPU
		{C0B2C5BC-8FF2-45B6-8C4D-7C93CCF3A3A1}.Debug|x86.ActiveCfg = Debug|Any CPU
		{C0B2C5BC-8FF2-45B6-8C4D-7C93CCF3A3A1}.Release|Any CPU.ActiveCfg = Release|Any CPU
		{C0B2C5BC-8FF2-45B6-8C4D-7C93CCF3A3A1}.Release|Any CPU.Build.0 = Release|Any CPU
		{C0B2C5BC-8FF2-45B6-8C4D-7C93CCF3A3A1}.Release|ARM.ActiveCfg = Release|Any CPU
		{C0B2C5BC-8FF2-45B6-8C4D-7C93CCF3A3A1}.Release|x64.ActiveCfg = Release|Any CPU
		{C0B2C5BC-8FF2-45B6-8C4D-7C93CCF3A3A1}.Release|x86.ActiveCfg = Release|Any CPU
		{04E3F863-FFBD-41B1-9718-5EB81A413932}.Debug|Any CPU.ActiveCfg = Debug|Any CPU
		{04E3F863-FFBD-41B1-9718-5EB81A413932}.Debug|Any CPU.Build.0 = Debug|Any CPU
		{04E3F863-FFBD-41B1-9718-5EB81A413932}.Debug|Any CPU.Deploy.0 = Debug|Any CPU
		{04E3F863-FFBD-41B1-9718-5EB81A413932}.Debug|ARM.ActiveCfg = Debug|ARM
		{04E3F863-FFBD-41B1-9718-5EB81A413932}.Debug|ARM.Build.0 = Debug|ARM
		{04E3F863-FFBD-41B1-9718-5EB81A413932}.Debug|ARM.Deploy.0 = Debug|ARM
		{04E3F863-FFBD-41B1-9718-5EB81A413932}.Debug|x64.ActiveCfg = Debug|x64
		{04E3F863-FFBD-41B1-9718-5EB81A413932}.Debug|x64.Build.0 = Debug|x64
		{04E3F863-FFBD-41B1-9718-5EB81A413932}.Debug|x64.Deploy.0 = Debug|x64
		{04E3F863-FFBD-41B1-9718-5EB81A413932}.Debug|x86.ActiveCfg = Debug|x86
		{04E3F863-FFBD-41B1-9718-5EB81A413932}.Debug|x86.Build.0 = Debug|x86
		{04E3F863-FFBD-41B1-9718-5EB81A413932}.Debug|x86.Deploy.0 = Debug|x86
		{04E3F863-FFBD-41B1-9718-5EB81A413932}.Release|Any CPU.ActiveCfg = Release|Any CPU
		{04E3F863-FFBD-41B1-9718-5EB81A413932}.Release|Any CPU.Build.0 = Release|Any CPU
		{04E3F863-FFBD-41B1-9718-5EB81A413932}.Release|Any CPU.Deploy.0 = Release|Any CPU
		{04E3F863-FFBD-41B1-9718-5EB81A413932}.Release|ARM.ActiveCfg = Release|ARM
		{04E3F863-FFBD-41B1-9718-5EB81A413932}.Release|ARM.Build.0 = Release|ARM
		{04E3F863-FFBD-41B1-9718-5EB81A413932}.Release|ARM.Deploy.0 = Release|ARM
		{04E3F863-FFBD-41B1-9718-5EB81A413932}.Release|x64.ActiveCfg = Release|x64
		{04E3F863-FFBD-41B1-9718-5EB81A413932}.Release|x64.Build.0 = Release|x64
		{04E3F863-FFBD-41B1-9718-5EB81A413932}.Release|x64.Deploy.0 = Release|x64
		{04E3F863-FFBD-41B1-9718-5EB81A413932}.Release|x86.ActiveCfg = Release|x86
		{04E3F863-FFBD-41B1-9718-5EB81A413932}.Release|x86.Build.0 = Release|x86
		{04E3F863-FFBD-41B1-9718-5EB81A413932}.Release|x86.Deploy.0 = Release|x86
		{4A0A9AEA-2A1E-432B-8788-7856CDB1BF5D}.Debug|Any CPU.ActiveCfg = Debug|Any CPU
		{4A0A9AEA-2A1E-432B-8788-7856CDB1BF5D}.Debug|Any CPU.Build.0 = Debug|Any CPU
		{4A0A9AEA-2A1E-432B-8788-7856CDB1BF5D}.Debug|Any CPU.Deploy.0 = Debug|Any CPU
		{4A0A9AEA-2A1E-432B-8788-7856CDB1BF5D}.Debug|ARM.ActiveCfg = Debug|ARM
		{4A0A9AEA-2A1E-432B-8788-7856CDB1BF5D}.Debug|ARM.Build.0 = Debug|ARM
		{4A0A9AEA-2A1E-432B-8788-7856CDB1BF5D}.Debug|ARM.Deploy.0 = Debug|ARM
		{4A0A9AEA-2A1E-432B-8788-7856CDB1BF5D}.Debug|x64.ActiveCfg = Debug|Any CPU
		{4A0A9AEA-2A1E-432B-8788-7856CDB1BF5D}.Debug|x86.ActiveCfg = Debug|x86
		{4A0A9AEA-2A1E-432B-8788-7856CDB1BF5D}.Debug|x86.Build.0 = Debug|x86
		{4A0A9AEA-2A1E-432B-8788-7856CDB1BF5D}.Debug|x86.Deploy.0 = Debug|x86
		{4A0A9AEA-2A1E-432B-8788-7856CDB1BF5D}.Release|Any CPU.ActiveCfg = Release|Any CPU
		{4A0A9AEA-2A1E-432B-8788-7856CDB1BF5D}.Release|Any CPU.Build.0 = Release|Any CPU
		{4A0A9AEA-2A1E-432B-8788-7856CDB1BF5D}.Release|Any CPU.Deploy.0 = Release|Any CPU
		{4A0A9AEA-2A1E-432B-8788-7856CDB1BF5D}.Release|ARM.ActiveCfg = Release|ARM
		{4A0A9AEA-2A1E-432B-8788-7856CDB1BF5D}.Release|ARM.Build.0 = Release|ARM
		{4A0A9AEA-2A1E-432B-8788-7856CDB1BF5D}.Release|ARM.Deploy.0 = Release|ARM
		{4A0A9AEA-2A1E-432B-8788-7856CDB1BF5D}.Release|x64.ActiveCfg = Release|Any CPU
		{4A0A9AEA-2A1E-432B-8788-7856CDB1BF5D}.Release|x86.ActiveCfg = Release|x86
		{4A0A9AEA-2A1E-432B-8788-7856CDB1BF5D}.Release|x86.Build.0 = Release|x86
		{4A0A9AEA-2A1E-432B-8788-7856CDB1BF5D}.Release|x86.Deploy.0 = Release|x86
	EndGlobalSection
	GlobalSection(SolutionProperties) = preSolution
		HideSolutionNode = FALSE
	EndGlobalSection
	GlobalSection(NestedProjects) = preSolution
		{A7EC1B8E-EF20-443D-8287-520D8BDD6BDD} = {F0E33F3D-0E88-4ED8-8DC1-8B11C4AB7B67}
		{12BFC7CE-1F0C-4249-8AEC-19523052CFEC} = {F0E33F3D-0E88-4ED8-8DC1-8B11C4AB7B67}
		{6190B441-5E1B-4C4C-AC11-0FF788A52CEC} = {2F98C91E-84F1-45D1-80C5-B028A960C4C2}
		{5C96ACF6-77A7-446C-A6DE-618E5FF519DE} = {6190B441-5E1B-4C4C-AC11-0FF788A52CEC}
		{84B61024-E593-4E73-B89C-7F5C8E985121} = {6190B441-5E1B-4C4C-AC11-0FF788A52CEC}
		{D25366F2-80EA-498F-983C-4AA1130947AF} = {6190B441-5E1B-4C4C-AC11-0FF788A52CEC}
		{A17D0657-8530-4A07-8124-62290913B3BB} = {2F98C91E-84F1-45D1-80C5-B028A960C4C2}
		{C0B2C5BC-8FF2-45B6-8C4D-7C93CCF3A3A1} = {A17D0657-8530-4A07-8124-62290913B3BB}
		{04E3F863-FFBD-41B1-9718-5EB81A413932} = {A17D0657-8530-4A07-8124-62290913B3BB}
		{4A0A9AEA-2A1E-432B-8788-7856CDB1BF5D} = {A17D0657-8530-4A07-8124-62290913B3BB}
	EndGlobalSection
EndGlobal
